<?xml version="1.0" encoding="UTF-8" standalone="yes" ?>
<CodeBlocks_project_file>
	<FileVersion major="1" minor="6" />
	<Project>
		<Option title="Game" />
		<Option pch_mode="0" />
		<Option compiler="gcc" />
		<Build>
			<Target title="default">
				<Option output="HearthStation.exe" prefix_auto="0" extension_auto="0" />
				<Option type="0" />
				<Option compiler="gcc" />
				<Option projectResourceIncludeDirsRelation="0" />
			</Target>
		</Build>
		<VirtualTargets>
			<Add alias="All" targets="default;" />
		</VirtualTargets>
		<Linker>
			<Add option="-s" />
			<Add library="mingw32" />
			<Add library="SDLmain" />
			<Add library="SDL" />
			<Add library="opengl32" />
			<Add library="glu32" />
			<Add library="C:\Program Files (x86)\CodeBlocks\MinGW\lib\SDL_image.lib" />
			<Add library="C:\Program Files (x86)\CodeBlocks\MinGW\lib\SDL_mixer.lib" />
			<Add library="C:\Program Files (x86)\CodeBlocks\MinGW\lib\SDL_ttf.lib" />
		</Linker>
		<Unit filename="Deck.cpp" />
		<Unit filename="Game.cpp" />
		<Unit filename="bmp.cpp" />
		<Unit filename="ens.cpp" />
		<Unit filename="freeflycamera.cpp" />
		<Unit filename="include/Deck.h" />
		<Unit filename="include/Game.h" />
		<Unit filename="include/anorms.h" />
		<Unit filename="include/anormtab.h" />
		<Unit filename="include/bmp.h" />
		<Unit filename="include/ens.h" />
		<Unit filename="include/freeflycamera.h" />
		<Unit filename="include/global.h" />
		<Unit filename="include/glut.h" />
		<Unit filename="include/md2.h" />
		<Unit filename="include/move.h" />
		<Unit filename="include/pcx.h" />
		<Unit filename="include/player.h" />
		<Unit filename="include/scene.h" />
		<Unit filename="include/sdlglutils.h" />
		<Unit filename="include/sound.h" />
		<Unit filename="include/struct.h" />
		<Unit filename="include/texture.h" />
		<Unit filename="include/tff.h" />
		<Unit filename="include/tga.h" />
		<Unit filename="include/timer.h" />
		<Unit filename="include/vector3d.h" />
		<Unit filename="main.cpp" />
		<Unit filename="md2.cpp" />
		<Unit filename="pcx.cpp" />
		<Unit filename="player.cpp" />
		<Unit filename="scene.cpp" />
		<Unit filename="sdlglutils.cpp" />
		<Unit filename="sound.cpp" />
		<Unit filename="texture.cpp" />
		<Unit filename="tga.cpp" />
		<Unit filename="vector3d.cpp" />
		<Extensions>
			<code_completion />
			<debugger />
			<envvars />
		</Extensions>
	</Project>
</CodeBlocks_project_file>
